// !$*UTF8*$!
{
	archiveVersion = 1;
	classes = {
	};
	objectVersion = 77;
	objects = {

/* Begin PBXBuildFile section */
		53566EBB2E518D3400656FA2 /* Authentication in Frameworks */ = {isa = PBXBuildFile; productRef = 53566EBA2E518D3400656FA2 /* Authentication */; };
		535BD6E72E51E7AA00E7E84C /* SessionManagement in Frameworks */ = {isa = PBXBuildFile; productRef = 535BD6E62E51E7AA00E7E84C /* SessionManagement */; };
		535BD6E92E51E7E200E7E84C /* UserManagement in Frameworks */ = {isa = PBXBuildFile; productRef = 535BD6E82E51E7E200E7E84C /* UserManagement */; };
/* End PBXBuildFile section */

/* Begin PBXContainerItemProxy section */
		538D743F2E506005005FBC1E /* PBXContainerItemProxy */ = {
			isa = PBXContainerItemProxy;
			containerPortal = 538D74282E506003005FBC1E /* Project object */;
			proxyType = 1;
			remoteGlobalIDString = 538D742F2E506003005FBC1E;
			remoteInfo = Praanya;
		};
		538D74492E506005005FBC1E /* PBXContainerItemProxy */ = {
			isa = PBXContainerItemProxy;
			containerPortal = 538D74282E506003005FBC1E /* Project object */;
			proxyType = 1;
			remoteGlobalIDString = 538D742F2E506003005FBC1E;
			remoteInfo = Praanya;
		};
/* End PBXContainerItemProxy section */

/* Begin PBXFileReference section */
		53566EC02E51DC9100656FA2 /* SessionManagement */ = {isa = PBXFileReference; lastKnownFileType = wrapper; path = SessionManagement; sourceTree = "<group>"; };
		538D74302E506003005FBC1E /* Praanya.app */ = {isa = PBXFileReference; explicitFileType = wrapper.application; includeInIndex = 0; path = Praanya.app; sourceTree = BUILT_PRODUCTS_DIR; };
		538D743E2E506005005FBC1E /* PraanyaTests.xctest */ = {isa = PBXFileReference; explicitFileType = wrapper.cfbundle; includeInIndex = 0; path = PraanyaTests.xctest; sourceTree = BUILT_PRODUCTS_DIR; };
		538D74482E506005005FBC1E /* PraanyaUITests.xctest */ = {isa = PBXFileReference; explicitFileType = wrapper.cfbundle; includeInIndex = 0; path = PraanyaUITests.xctest; sourceTree = BUILT_PRODUCTS_DIR; };
		53F1F7D82E517CF300624B94 /* Authentication */ = {isa = PBXFileReference; lastKnownFileType = wrapper; path = Authentication; sourceTree = "<group>"; };
		53F1F7D92E517D2700624B94 /* UserManagement */ = {isa = PBXFileReference; lastKnownFileType = wrapper; path = UserManagement; sourceTree = "<group>"; };
		53F1F7DA2E517D4B00624B94 /* InventoryManagement */ = {isa = PBXFileReference; lastKnownFileType = wrapper; path = InventoryManagement; sourceTree = "<group>"; };
		53F1F7DB2E517D6A00624B94 /* NetworkManagement */ = {isa = PBXFileReference; lastKnownFileType = wrapper; path = NetworkManagement; sourceTree = "<group>"; };
		53F1F7DC2E517DF000624B94 /* OrderManagement */ = {isa = PBXFileReference; lastKnownFileType = wrapper; path = OrderManagement; sourceTree = "<group>"; };
		53F1F7DD2E517E1200624B94 /* AnalyticsManagement */ = {isa = PBXFileReference; lastKnownFileType = wrapper; path = AnalyticsManagement; sourceTree = "<group>"; };
/* End PBXFileReference section */

/* Begin PBXFileSystemSynchronizedBuildFileExceptionSet section */
		538D74732E506251005FBC1E /* Exceptions for "Praanya" folder in "Praanya" target */ = {
			isa = PBXFileSystemSynchronizedBuildFileExceptionSet;
			membershipExceptions = (
				Info.plist,
			);
			target = 538D742F2E506003005FBC1E /* Praanya */;
		};
/* End PBXFileSystemSynchronizedBuildFileExceptionSet section */

/* Begin PBXFileSystemSynchronizedRootGroup section */
		538D74322E506003005FBC1E /* Praanya */ = {
			isa = PBXFileSystemSynchronizedRootGroup;
			exceptions = (
				538D74732E506251005FBC1E /* Exceptions for "Praanya" folder in "Praanya" target */,
			);
			path = Praanya;
			sourceTree = "<group>";
		};
		538D74412E506005005FBC1E /* PraanyaTests */ = {
			isa = PBXFileSystemSynchronizedRootGroup;
			path = PraanyaTests;
			sourceTree = "<group>";
		};
		538D744B2E506005005FBC1E /* PraanyaUITests */ = {
			isa = PBXFileSystemSynchronizedRootGroup;
			path = PraanyaUITests;
			sourceTree = "<group>";
		};
/* End PBXFileSystemSynchronizedRootGroup section */

/* Begin PBXFrameworksBuildPhase section */
		538D742D2E506003005FBC1E /* Frameworks */ = {
			isa = PBXFrameworksBuildPhase;
			buildActionMask = 2147483647;
			files = (
				535BD6E72E51E7AA00E7E84C /* SessionManagement in Frameworks */,
				535BD6E92E51E7E200E7E84C /* UserManagement in Frameworks */,
				53566EBB2E518D3400656FA2 /* Authentication in Frameworks */,
			);
			runOnlyForDeploymentPostprocessing = 0;
		};
		538D743B2E506005005FBC1E /* Frameworks */ = {
			isa = PBXFrameworksBuildPhase;
			buildActionMask = 2147483647;
			files = (
			);
			runOnlyForDeploymentPostprocessing = 0;
		};
		538D74452E506005005FBC1E /* Frameworks */ = {
			isa = PBXFrameworksBuildPhase;
			buildActionMask = 2147483647;
			files = (
			);
			runOnlyForDeploymentPostprocessing = 0;
		};
/* End PBXFrameworksBuildPhase section */

/* Begin PBXGroup section */
		538D74272E506003005FBC1E = {
			isa = PBXGroup;
			children = (
				53F1F7D62E517B9F00624B94 /* Modules */,
				538D74322E506003005FBC1E /* Praanya */,
				538D74412E506005005FBC1E /* PraanyaTests */,
				538D744B2E506005005FBC1E /* PraanyaUITests */,
				538D74772E5063CD005FBC1E /* Frameworks */,
				538D74312E506003005FBC1E /* Products */,
			);
			sourceTree = "<group>";
		};
		538D74312E506003005FBC1E /* Products */ = {
			isa = PBXGroup;
			children = (
				538D74302E506003005FBC1E /* Praanya.app */,
				538D743E2E506005005FBC1E /* PraanyaTests.xctest */,
				538D74482E506005005FBC1E /* PraanyaUITests.xctest */,
			);
			name = Products;
			sourceTree = "<group>";
		};
		538D74772E5063CD005FBC1E /* Frameworks */ = {
			isa = PBXGroup;
			children = (
			);
			name = Frameworks;
			sourceTree = "<group>";
		};
		53F1F7D62E517B9F00624B94 /* Modules */ = {
			isa = PBXGroup;
			children = (
				53566EC02E51DC9100656FA2 /* SessionManagement */,
				53F1F7DD2E517E1200624B94 /* AnalyticsManagement */,
				53F1F7DC2E517DF000624B94 /* OrderManagement */,
				53F1F7DB2E517D6A00624B94 /* NetworkManagement */,
				53F1F7DA2E517D4B00624B94 /* InventoryManagement */,
				53F1F7D92E517D2700624B94 /* UserManagement */,
				53F1F7D82E517CF300624B94 /* Authentication */,
			);
			path = Modules;
			sourceTree = "<group>";
		};
/* End PBXGroup section */

/* Begin PBXNativeTarget section */
		538D742F2E506003005FBC1E /* Praanya */ = {
			isa = PBXNativeTarget;
			buildConfigurationList = 538D74522E506006005FBC1E /* Build configuration list for PBXNativeTarget "Praanya" */;
			buildPhases = (
				538D742C2E506003005FBC1E /* Sources */,
				538D742D2E506003005FBC1E /* Frameworks */,
				538D742E2E506003005FBC1E /* Resources */,
			);
			buildRules = (
			);
			dependencies = (
			);
			fileSystemSynchronizedGroups = (
				538D74322E506003005FBC1E /* Praanya */,
			);
			name = Praanya;
			packageProductDependencies = (
				53566EBA2E518D3400656FA2 /* Authentication */,
				535BD6E62E51E7AA00E7E84C /* SessionManagement */,
				535BD6E82E51E7E200E7E84C /* UserManagement */,
			);
			productName = Praanya;
			productReference = 538D74302E506003005FBC1E /* Praanya.app */;
			productType = "com.apple.product-type.application";
		};
		538D743D2E506005005FBC1E /* PraanyaTests */ = {
			isa = PBXNativeTarget;
			buildConfigurationList = 538D74552E506006005FBC1E /* Build configuration list for PBXNativeTarget "PraanyaTests" */;
			buildPhases = (
				538D743A2E506005005FBC1E /* Sources */,
				538D743B2E506005005FBC1E /* Frameworks */,
				538D743C2E506005005FBC1E /* Resources */,
			);
			buildRules = (
			);
			dependencies = (
				538D74402E506005005FBC1E /* PBXTargetDependency */,
			);
			fileSystemSynchronizedGroups = (
				538D74412E506005005FBC1E /* PraanyaTests */,
			);
			name = PraanyaTests;
			packageProductDependencies = (
			);
			productName = PraanyaTests;
			productReference = 538D743E2E506005005FBC1E /* PraanyaTests.xctest */;
			productType = "com.apple.product-type.bundle.unit-test";
		};
		538D74472E506005005FBC1E /* PraanyaUITests */ = {
			isa = PBXNativeTarget;
			buildConfigurationList = 538D74582E506006005FBC1E /* Build configuration list for PBXNativeTarget "PraanyaUITests" */;
			buildPhases = (
				538D74442E506005005FBC1E /* Sources */,
				538D74452E506005005FBC1E /* Frameworks */,
				538D74462E506005005FBC1E /* Resources */,
			);
			buildRules = (
			);
			dependencies = (
				538D744A2E506005005FBC1E /* PBXTargetDependency */,
			);
			fileSystemSynchronizedGroups = (
				538D744B2E506005005FBC1E /* PraanyaUITests */,
			);
			name = PraanyaUITests;
			packageProductDependencies = (
			);
			productName = PraanyaUITests;
			productReference = 538D74482E506005005FBC1E /* PraanyaUITests.xctest */;
			productType = "com.apple.product-type.bundle.ui-testing";
		};
/* End PBXNativeTarget section */

/* Begin PBXProject section */
		538D74282E506003005FBC1E /* Project object */ = {
			isa = PBXProject;
			attributes = {
				BuildIndependentTargetsInParallel = 1;
				LastSwiftUpdateCheck = 1640;
				LastUpgradeCheck = 1640;
				TargetAttributes = {
					538D742F2E506003005FBC1E = {
						CreatedOnToolsVersion = 16.4;
					};
					538D743D2E506005005FBC1E = {
						CreatedOnToolsVersion = 16.4;
						TestTargetID = 538D742F2E506003005FBC1E;
					};
					538D74472E506005005FBC1E = {
						CreatedOnToolsVersion = 16.4;
						TestTargetID = 538D742F2E506003005FBC1E;
					};
				};
			};
			buildConfigurationList = 538D742B2E506003005FBC1E /* Build configuration list for PBXProject "Praanya" */;
			developmentRegion = en;
			hasScannedForEncodings = 0;
			knownRegions = (
				en,
				Base,
			);
			mainGroup = 538D74272E506003005FBC1E;
			minimizedProjectReferenceProxies = 1;
			preferredProjectObjectVersion = 77;
			productRefGroup = 538D74312E506003005FBC1E /* Products */;
			projectDirPath = "";
			projectRoot = "";
			targets = (
				538D742F2E506003005FBC1E /* Praanya */,
				538D743D2E506005005FBC1E /* PraanyaTests */,
				538D74472E506005005FBC1E /* PraanyaUITests */,
			);
		};
/* End PBXProject section */

/* Begin PBXResourcesBuildPhase section */
		538D742E2E506003005FBC1E /* Resources */ = {
			isa = PBXResourcesBuildPhase;
			buildActionMask = 2147483647;
			files = (
			);
			runOnlyForDeploymentPostprocessing = 0;
		};
		538D743C2E506005005FBC1E /* Resources */ = {
			isa = PBXResourcesBuildPhase;
			buildActionMask = 2147483647;
			files = (
			);
			runOnlyForDeploymentPostprocessing = 0;
		};
		538D74462E506005005FBC1E /* Resources */ = {
			isa = PBXResourcesBuildPhase;
			buildActionMask = 2147483647;
			files = (
			);
			runOnlyForDeploymentPostprocessing = 0;
		};
/* End PBXResourcesBuildPhase section */

/* Begin PBXSourcesBuildPhase section */
		538D742C2E506003005FBC1E /* Sources */ = {
			isa = PBXSourcesBuildPhase;
			buildActionMask = 2147483647;
			files = (
			);
			runOnlyForDeploymentPostprocessing = 0;
		};
		538D743A2E506005005FBC1E /* Sources */ = {
			isa = PBXSourcesBuildPhase;
			buildActionMask = 2147483647;
			files = (
			);
			runOnlyForDeploymentPostprocessing = 0;
		};
		538D74442E506005005FBC1E /* Sources */ = {
			isa = PBXSourcesBuildPhase;
			buildActionMask = 2147483647;
			files = (
			);
			runOnlyForDeploymentPostprocessing = 0;
		};
/* End PBXSourcesBuildPhase section */

/* Begin PBXTargetDependency section */
		538D74402E506005005FBC1E /* PBXTargetDependency */ = {
			isa = PBXTargetDependency;
			target = 538D742F2E506003005FBC1E /* Praanya */;
			targetProxy = 538D743F2E506005005FBC1E /* PBXContainerItemProxy */;
		};
		538D744A2E506005005FBC1E /* PBXTargetDependency */ = {
			isa = PBXTargetDependency;
			target = 538D742F2E506003005FBC1E /* Praanya */;
			targetProxy = 538D74492E506005005FBC1E /* PBXContainerItemProxy */;
		};
/* End PBXTargetDependency section */

/* Begin XCBuildConfiguration section */
		538D74502E506006005FBC1E /* Debug */ = {
			isa = XCBuildConfiguration;
			buildSettings = {
				ALWAYS_SEARCH_USER_PATHS = NO;
				ASSETCATALOG_COMPILER_GENERATE_SWIFT_ASSET_SYMBOL_EXTENSIONS = YES;
				CLANG_ANALYZER_NONNULL = YES;
				CLANG_ANALYZER_NUMBER_OBJECT_CONVERSION = YES_AGGRESSIVE;
				CLANG_CXX_LANGUAGE_STANDARD = "gnu++20";
				CLANG_ENABLE_MODULES = YES;
				CLANG_ENABLE_OBJC_ARC = YES;
				CLANG_ENABLE_OBJC_WEAK = YES;
				CLANG_WARN_BLOCK_CAPTURE_AUTORELEASING = YES;
				CLANG_WARN_BOOL_CONVERSION = YES;
				CLANG_WARN_COMMA = YES;
				CLANG_WARN_CONSTANT_CONVERSION = YES;
				CLANG_WARN_DEPRECATED_OBJC_IMPLEMENTATIONS = YES;
				CLANG_WARN_DIRECT_OBJC_ISA_USAGE = YES_ERROR;
				CLANG_WARN_DOCUMENTATION_COMMENTS = YES;
				CLANG_WARN_EMPTY_BODY = YES;
				CLANG_WARN_ENUM_CONVERSION = YES;
				CLANG_WARN_INFINITE_RECURSION = YES;
				CLANG_WARN_INT_CONVERSION = YES;
				CLANG_WARN_NON_LITERAL_NULL_CONVERSION = YES;
				CLANG_WARN_OBJC_IMPLICIT_RETAIN_SELF = YES;
				CLANG_WARN_OBJC_LITERAL_CONVERSION = YES;
				CLANG_WARN_OBJC_ROOT_CLASS = YES_ERROR;
				CLANG_WARN_QUOTED_INCLUDE_IN_FRAMEWORK_HEADER = YES;
				CLANG_WARN_RANGE_LOOP_ANALYSIS = YES;
				CLANG_WARN_STRICT_PROTOTYPES = YES;
				CLANG_WARN_SUSPICIOUS_MOVE = YES;
				CLANG_WARN_UNGUARDED_AVAILABILITY = YES_AGGRESSIVE;
				CLANG_WARN_UNREACHABLE_CODE = YES;
				CLANG_WARN__DUPLICATE_METHOD_MATCH = YES;
				COPY_PHASE_STRIP = NO;
				DEBUG_INFORMATION_FORMAT = dwarf;
				DEVELOPMENT_TEAM = 7K6Z7HB495;
				ENABLE_STRICT_OBJC_MSGSEND = YES;
				ENABLE_TESTABILITY = YES;
				ENABLE_USER_SCRIPT_SANDBOXING = YES;
				GCC_C_LANGUAGE_STANDARD = gnu17;
				GCC_DYNAMIC_NO_PIC = NO;
				GCC_NO_COMMON_BLOCKS = YES;
				GCC_OPTIMIZATION_LEVEL = 0;
				GCC_PREPROCESSOR_DEFINITIONS = (
					"DEBUG=1",
					"$(inherited)",
				);
				GCC_WARN_64_TO_32_BIT_CONVERSION = YES;
				GCC_WARN_ABOUT_RETURN_TYPE = YES_ERROR;
				GCC_WARN_UNDECLARED_SELECTOR = YES;
				GCC_WARN_UNINITIALIZED_AUTOS = YES_AGGRESSIVE;
				GCC_WARN_UNUSED_FUNCTION = YES;
				GCC_WARN_UNUSED_VARIABLE = YES;
				LOCALIZATION_PREFERS_STRING_CATALOGS = YES;
				MTL_ENABLE_DEBUG_INFO = INCLUDE_SOURCE;
				MTL_FAST_MATH = YES;
				ONLY_ACTIVE_ARCH = YES;
				SWIFT_ACTIVE_COMPILATION_CONDITIONS = "DEBUG $(inherited)";
				SWIFT_OPTIMIZATION_LEVEL = "-Onone";
			};
			name = Debug;
		};
		538D74512E506006005FBC1E /* Release */ = {
			isa = XCBuildConfiguration;
			buildSettings = {
				ALWAYS_SEARCH_USER_PATHS = NO;
				ASSETCATALOG_COMPILER_GENERATE_SWIFT_ASSET_SYMBOL_EXTENSIONS = YES;
				CLANG_ANALYZER_NONNULL = YES;
				CLANG_ANALYZER_NUMBER_OBJECT_CONVERSION = YES_AGGRESSIVE;
				CLANG_CXX_LANGUAGE_STANDARD = "gnu++20";
				CLANG_ENABLE_MODULES = YES;
				CLANG_ENABLE_OBJC_ARC = YES;
				CLANG_ENABLE_OBJC_WEAK = YES;
				CLANG_WARN_BLOCK_CAPTURE_AUTORELEASING = YES;
				CLANG_WARN_BOOL_CONVERSION = YES;
				CLANG_WARN_COMMA = YES;
				CLANG_WARN_CONSTANT_CONVERSION = YES;
				CLANG_WARN_DEPRECATED_OBJC_IMPLEMENTATIONS = YES;
				CLANG_WARN_DIRECT_OBJC_ISA_USAGE = YES_ERROR;
				CLANG_WARN_DOCUMENTATION_COMMENTS = YES;
				CLANG_WARN_EMPTY_BODY = YES;
				CLANG_WARN_ENUM_CONVERSION = YES;
				CLANG_WARN_INFINITE_RECURSION = YES;
				CLANG_WARN_INT_CONVERSION = YES;
				CLANG_WARN_NON_LITERAL_NULL_CONVERSION = YES;
				CLANG_WARN_OBJC_IMPLICIT_RETAIN_SELF = YES;
				CLANG_WARN_OBJC_LITERAL_CONVERSION = YES;
				CLANG_WARN_OBJC_ROOT_CLASS = YES_ERROR;
				CLANG_WARN_QUOTED_INCLUDE_IN_FRAMEWORK_HEADER = YES;
				CLANG_WARN_RANGE_LOOP_ANALYSIS = YES;
				CLANG_WARN_STRICT_PROTOTYPES = YES;
				CLANG_WARN_SUSPICIOUS_MOVE = YES;
				CLANG_WARN_UNGUARDED_AVAILABILITY = YES_AGGRESSIVE;
				CLANG_WARN_UNREACHABLE_CODE = YES;
				CLANG_WARN__DUPLICATE_METHOD_MATCH = YES;
				COPY_PHASE_STRIP = NO;
				DEBUG_INFORMATION_FORMAT = "dwarf-with-dsym";
				DEVELOPMENT_TEAM = 7K6Z7HB495;
				ENABLE_NS_ASSERTIONS = NO;
				ENABLE_STRICT_OBJC_MSGSEND = YES;
				ENABLE_USER_SCRIPT_SANDBOXING = YES;
				GCC_C_LANGUAGE_STANDARD = gnu17;
				GCC_NO_COMMON_BLOCKS = YES;
				GCC_WARN_64_TO_32_BIT_CONVERSION = YES;
				GCC_WARN_ABOUT_RETURN_TYPE = YES_ERROR;
				GCC_WARN_UNDECLARED_SELECTOR = YES;
				GCC_WARN_UNINITIALIZED_AUTOS = YES_AGGRESSIVE;
				GCC_WARN_UNUSED_FUNCTION = YES;
				GCC_WARN_UNUSED_VARIABLE = YES;
				LOCALIZATION_PREFERS_STRING_CATALOGS = YES;
				MTL_ENABLE_DEBUG_INFO = NO;
				MTL_FAST_MATH = YES;
				SWIFT_COMPILATION_MODE = wholemodule;
			};
			name = Release;
		};
		538D74532E506006005FBC1E /* Debug */ = {
			isa = XCBuildConfiguration;
			baseConfigurationReferenceAnchor = 538D74322E506003005FBC1E /* Praanya */;
			baseConfigurationReferenceRelativePath = Configuration/Debug.xcconfig;
			buildSettings = {
				ASSETCATALOG_COMPILER_APPICON_NAME = AppIcon;
				ASSETCATALOG_COMPILER_GLOBAL_ACCENT_COLOR_NAME = AccentColor;
				CODE_SIGN_ENTITLEMENTS = Praanya/Praanya.entitlements;
				CODE_SIGN_STYLE = Automatic;
				CURRENT_PROJECT_VERSION = 1;
				DEVELOPMENT_TEAM = 7K6Z7HB495;
				ENABLE_HARDENED_RUNTIME = YES;
				ENABLE_PREVIEWS = YES;
				GENERATE_INFOPLIST_FILE = YES;
				INFOPLIST_FILE = Praanya/Info.plist;
				"INFOPLIST_KEY_UIApplicationSceneManifest_Generation[sdk=iphoneos*]" = YES;
				"INFOPLIST_KEY_UIApplicationSceneManifest_Generation[sdk=iphonesimulator*]" = YES;
				"INFOPLIST_KEY_UIApplicationSupportsIndirectInputEvents[sdk=iphoneos*]" = YES;
				"INFOPLIST_KEY_UIApplicationSupportsIndirectInputEvents[sdk=iphonesimulator*]" = YES;
				"INFOPLIST_KEY_UILaunchScreen_Generation[sdk=iphoneos*]" = YES;
				"INFOPLIST_KEY_UILaunchScreen_Generation[sdk=iphonesimulator*]" = YES;
				"INFOPLIST_KEY_UIStatusBarStyle[sdk=iphoneos*]" = UIStatusBarStyleDefault;
				"INFOPLIST_KEY_UIStatusBarStyle[sdk=iphonesimulator*]" = UIStatusBarStyleDefault;
				INFOPLIST_KEY_UISupportedInterfaceOrientations_iPad = "UIInterfaceOrientationPortrait UIInterfaceOrientationPortraitUpsideDown UIInterfaceOrientationLandscapeLeft UIInterfaceOrientationLandscapeRight";
				INFOPLIST_KEY_UISupportedInterfaceOrientations_iPhone = "UIInterfaceOrientationPortrait UIInterfaceOrientationLandscapeLeft UIInterfaceOrientationLandscapeRight";
				IPHONEOS_DEPLOYMENT_TARGET = 18;
				LD_RUNPATH_SEARCH_PATHS = "@executable_path/Frameworks";
				"LD_RUNPATH_SEARCH_PATHS[sdk=macosx*]" = "@executable_path/../Frameworks";
				MACOSX_DEPLOYMENT_TARGET = 15;
				MARKETING_VERSION = 1.0;
				PRODUCT_BUNDLE_IDENTIFIER = com.mani.Praanya;
				PRODUCT_NAME = "$(TARGET_NAME)";
				REGISTER_APP_GROUPS = YES;
				SDKROOT = auto;
				SUPPORTED_PLATFORMS = "iphoneos iphonesimulator macosx xros xrsimulator";
				SWIFT_EMIT_LOC_STRINGS = YES;
				SWIFT_VERSION = 5.0;
				TARGETED_DEVICE_FAMILY = "1,2,7";
				XROS_DEPLOYMENT_TARGET = 2.5;
			};
			name = Debug;
		};
		538D74542E506006005FBC1E /* Release */ = {
			isa = XCBuildConfiguration;
			baseConfigurationReferenceAnchor = 538D74322E506003005FBC1E /* Praanya */;
			baseConfigurationReferenceRelativePath = Configuration/Release.xcconfig;
			buildSettings = {
				ASSETCATALOG_COMPILER_APPICON_NAME = AppIcon;
				ASSETCATALOG_COMPILER_GLOBAL_ACCENT_COLOR_NAME = AccentColor;
				CODE_SIGN_ENTITLEMENTS = Praanya/Praanya.entitlements;
				CODE_SIGN_STYLE = Automatic;
				CURRENT_PROJECT_VERSION = 1;
				DEVELOPMENT_TEAM = 7K6Z7HB495;
				ENABLE_HARDENED_RUNTIME = YES;
				ENABLE_PREVIEWS = YES;
				GENERATE_INFOPLIST_FILE = YES;
				INFOPLIST_FILE = Praanya/Info.plist;
				"INFOPLIST_KEY_UIApplicationSceneManifest_Generation[sdk=iphoneos*]" = YES;
				"INFOPLIST_KEY_UIApplicationSceneManifest_Generation[sdk=iphonesimulator*]" = YES;
				"INFOPLIST_KEY_UIApplicationSupportsIndirectInputEvents[sdk=iphoneos*]" = YES;
				"INFOPLIST_KEY_UIApplicationSupportsIndirectInputEvents[sdk=iphonesimulator*]" = YES;
				"INFOPLIST_KEY_UILaunchScreen_Generation[sdk=iphoneos*]" = YES;
				"INFOPLIST_KEY_UILaunchScreen_Generation[sdk=iphonesimulator*]" = YES;
				"INFOPLIST_KEY_UIStatusBarStyle[sdk=iphoneos*]" = UIStatusBarStyleDefault;
				"INFOPLIST_KEY_UIStatusBarStyle[sdk=iphonesimulator*]" = UIStatusBarStyleDefault;
				INFOPLIST_KEY_UISupportedInterfaceOrientations_iPad = "UIInterfaceOrientationPortrait UIInterfaceOrientationPortraitUpsideDown UIInterfaceOrientationLandscapeLeft UIInterfaceOrientationLandscapeRight";
				INFOPLIST_KEY_UISupportedInterfaceOrientations_iPhone = "UIInterfaceOrientationPortrait UIInterfaceOrientationLandscapeLeft UIInterfaceOrientationLandscapeRight";
				IPHONEOS_DEPLOYMENT_TARGET = 18;
				LD_RUNPATH_SEARCH_PATHS = "@executable_path/Frameworks";
				"LD_RUNPATH_SEARCH_PATHS[sdk=macosx*]" = "@executable_path/../Frameworks";
				MACOSX_DEPLOYMENT_TARGET = 15;
				MARKETING_VERSION = 1.0;
				PRODUCT_BUNDLE_IDENTIFIER = com.mani.Praanya;
				PRODUCT_NAME = "$(TARGET_NAME)";
				REGISTER_APP_GROUPS = YES;
				SDKROOT = auto;
				SUPPORTED_PLATFORMS = "iphoneos iphonesimulator macosx xros xrsimulator";
				SWIFT_EMIT_LOC_STRINGS = YES;
				SWIFT_VERSION = 5.0;
				TARGETED_DEVICE_FAMILY = "1,2,7";
				XROS_DEPLOYMENT_TARGET = 2.5;
			};
			name = Release;
		};
		538D74562E506006005FBC1E /* Debug */ = {
			isa = XCBuildConfiguration;
			buildSettings = {
				BUNDLE_LOADER = "$(TEST_HOST)";
				CODE_SIGN_STYLE = Automatic;
				CURRENT_PROJECT_VERSION = 1;
				DEVELOPMENT_TEAM = 7K6Z7HB495;
				GENERATE_INFOPLIST_FILE = YES;
				IPHONEOS_DEPLOYMENT_TARGET = 18.5;
				MACOSX_DEPLOYMENT_TARGET = 15.5;
				MARKETING_VERSION = 1.0;
				PRODUCT_BUNDLE_IDENTIFIER = com.mani.PraanyaTests;
				PRODUCT_NAME = "$(TARGET_NAME)";
				SDKROOT = auto;
				SUPPORTED_PLATFORMS = "iphoneos iphonesimulator macosx xros xrsimulator";
				SWIFT_EMIT_LOC_STRINGS = NO;
				SWIFT_VERSION = 5.0;
				TARGETED_DEVICE_FAMILY = "1,2,7";
				TEST_HOST = "$(BUILT_PRODUCTS_DIR)/Praanya.app/$(BUNDLE_EXECUTABLE_FOLDER_PATH)/Praanya";
				XROS_DEPLOYMENT_TARGET = 2.5;
			};
			name = Debug;
		};
		538D74572E506006005FBC1E /* Release */ = {
			isa = XCBuildConfiguration;
			buildSettings = {
				BUNDLE_LOADER = "$(TEST_HOST)";
				CODE_SIGN_STYLE = Automatic;
				CURRENT_PROJECT_VERSION = 1;
				DEVELOPMENT_TEAM = 7K6Z7HB495;
				GENERATE_INFOPLIST_FILE = YES;
				IPHONEOS_DEPLOYMENT_TARGET = 18.5;
				MACOSX_DEPLOYMENT_TARGET = 15.5;
				MARKETING_VERSION = 1.0;
				PRODUCT_BUNDLE_IDENTIFIER = com.mani.PraanyaTests;
				PRODUCT_NAME = "$(TARGET_NAME)";
				SDKROOT = auto;
				SUPPORTED_PLATFORMS = "iphoneos iphonesimulator macosx xros xrsimulator";
				SWIFT_EMIT_LOC_STRINGS = NO;
				SWIFT_VERSION = 5.0;
				TARGETED_DEVICE_FAMILY = "1,2,7";
				TEST_HOST = "$(BUILT_PRODUCTS_DIR)/Praanya.app/$(BUNDLE_EXECUTABLE_FOLDER_PATH)/Praanya";
				XROS_DEPLOYMENT_TARGET = 2.5;
			};
			name = Release;
		};
		538D74592E506006005FBC1E /* Debug */ = {
			isa = XCBuildConfiguration;
			buildSettings = {
				CODE_SIGN_STYLE = Automatic;
				CURRENT_PROJECT_VERSION = 1;
				DEVELOPMENT_TEAM = 7K6Z7HB495;
				GENERATE_INFOPLIST_FILE = YES;
				IPHONEOS_DEPLOYMENT_TARGET = 18.5;
				MACOSX_DEPLOYMENT_TARGET = 15.5;
				MARKETING_VERSION = 1.0;
				PRODUCT_BUNDLE_IDENTIFIER = com.mani.PraanyaUITests;
				PRODUCT_NAME = "$(TARGET_NAME)";
				SDKROOT = auto;
				SUPPORTED_PLATFORMS = "iphoneos iphonesimulator macosx xros xrsimulator";
				SWIFT_EMIT_LOC_STRINGS = NO;
				SWIFT_VERSION = 5.0;
				TARGETED_DEVICE_FAMILY = "1,2,7";
				TEST_TARGET_NAME = Praanya;
				XROS_DEPLOYMENT_TARGET = 2.5;
			};
			name = Debug;
		};
		538D745A2E506006005FBC1E /* Release */ = {
			isa = XCBuildConfiguration;
			buildSettings = {
				CODE_SIGN_STYLE = Automatic;
				CURRENT_PROJECT_VERSION = 1;
				DEVELOPMENT_TEAM = 7K6Z7HB495;
				GENERATE_INFOPLIST_FILE = YES;
				IPHONEOS_DEPLOYMENT_TARGET = 18.5;
				MACOSX_DEPLOYMENT_TARGET = 15.5;
				MARKETING_VERSION = 1.0;
				PRODUCT_BUNDLE_IDENTIFIER = com.mani.PraanyaUITests;
				PRODUCT_NAME = "$(TARGET_NAME)";
				SDKROOT = auto;
				SUPPORTED_PLATFORMS = "iphoneos iphonesimulator macosx xros xrsimulator";
				SWIFT_EMIT_LOC_STRINGS = NO;
				SWIFT_VERSION = 5.0;
				TARGETED_DEVICE_FAMILY = "1,2,7";
				TEST_TARGET_NAME = Praanya;
				XROS_DEPLOYMENT_TARGET = 2.5;
			};
			name = Release;
		};
/* End XCBuildConfiguration section */

/* Begin XCConfigurationList section */
		538D742B2E506003005FBC1E /* Build configuration list for PBXProject "Praanya" */ = {
			isa = XCConfigurationList;
			buildConfigurations = (
				538D74502E506006005FBC1E /* Debug */,
				538D74512E506006005FBC1E /* Release */,
			);
			defaultConfigurationIsVisible = 0;
			defaultConfigurationName = Release;
		};
		538D74522E506006005FBC1E /* Build configuration list for PBXNativeTarget "Praanya" */ = {
			isa = XCConfigurationList;
			buildConfigurations = (
				538D74532E506006005FBC1E /* Debug */,
				538D74542E506006005FBC1E /* Release */,
			);
			defaultConfigurationIsVisible = 0;
			defaultConfigurationName = Release;
		};
		538D74552E506006005FBC1E /* Build configuration list for PBXNativeTarget "PraanyaTests" */ = {
			isa = XCConfigurationList;
			buildConfigurations = (
				538D74562E506006005FBC1E /* Debug */,
				538D74572E506006005FBC1E /* Release */,
			);
			defaultConfigurationIsVisible = 0;
			defaultConfigurationName = Release;
		};
		538D74582E506006005FBC1E /* Build configuration list for PBXNativeTarget "PraanyaUITests" */ = {
			isa = XCConfigurationList;
			buildConfigurations = (
				538D74592E506006005FBC1E /* Debug */,
				538D745A2E506006005FBC1E /* Release */,
			);
			defaultConfigurationIsVisible = 0;
			defaultConfigurationName = Release;
		};
/* End XCConfigurationList section */

/* Begin XCSwiftPackageProductDependency section */
		53566EBA2E518D3400656FA2 /* Authentication */ = {
			isa = XCSwiftPackageProductDependency;
			productName = Authentication;
		};
		535BD6E62E51E7AA00E7E84C /* SessionManagement */ = {
			isa = XCSwiftPackageProductDependency;
			productName = SessionManagement;
		};
		535BD6E82E51E7E200E7E84C /* UserManagement */ = {
			isa = XCSwiftPackageProductDependency;
			productName = UserManagement;
		};
/* End XCSwiftPackageProductDependency section */
	};
	rootObject = 538D74282E506003005FBC1E /* Project object */;
}
